github.com/zavitax/sortedset-go v1.1.1 h1:m5XN5zOZzJ1HlAW5n1CRg80qWBgB8sFlbIJqA5H9NXU=
github.com/zavitax/sortedset-go v1.1.1/go.mod h1:rbneDZHWKxoO1RVXIo4y5x6E/blXQJtCSNMOuhLEsQI=
golang.org/x/exp v0.0.0-20250128182459-e0ece0dbea4c h1:KL/ZBHXgKGVmuZBZ01Lt57yE5ws8ZPSkkihmEyq7FXc=
golang.org/x/exp v0.0.0-20250128182459-e0ece0dbea4c/go.mod h1:tujkw807nyEEAamNbDrEGzRav+ilXA7PCRAd6xsmwiU=
